
Microsoft Visual Studio Solution File, Format Version 12.00
# Visual Studio Version 16
VisualStudioVersion = 16.0.31729.503
MinimumVisualStudioVersion = 10.0.40219.1
Project("{FAE04EC0-301F-11D3-BF4B-00C04F79EFBC}") = "Nedelcu_Mircea_Alin_lab5.1", "Nedelcu_Mircea_Alin_lab5.1.csproj", "{D3014C54-3340-449D-A656-3DA0537B43FF}"
EndProject
Project("{FAE04EC0-301F-11D3-BF4B-00C04F79EFBC}") = "AutoLotModel", "..\AutoLotModel\AutoLotModel.csproj", "{B2D992E3-CF6D-4A6F-A7BA-4BBBF2E9B52D}"
EndProject
Global
	GlobalSection(SolutionConfigurationPlatforms) = preSolution
		Debug|Any CPU = Debug|Any CPU
		Release|Any CPU = Release|Any CPU
	EndGlobalSection
	GlobalSection(ProjectConfigurationPlatforms) = postSolution
		{D3014C54-3340-449D-A656-3DA0537B43FF}.Debug|Any CPU.ActiveCfg = Debug|Any CPU
		{D3014C54-3340-449D-A656-3DA0537B43FF}.Debug|Any CPU.Build.0 = Debug|Any CPU
		{D3014C54-3340-449D-A656-3DA0537B43FF}.Release|Any CPU.ActiveCfg = Release|Any CPU
		{D3014C54-3340-449D-A656-3DA0537B43FF}.Release|Any CPU.Build.0 = Release|Any CPU
		{B2D992E3-CF6D-4A6F-A7BA-4BBBF2E9B52D}.Debug|Any CPU.ActiveCfg = Debug|Any CPU
		{B2D992E3-CF6D-4A6F-A7BA-4BBBF2E9B52D}.Debug|Any CPU.Build.0 = Debug|Any CPU
		{B2D992E3-CF6D-4A6F-A7BA-4BBBF2E9B52D}.Release|Any CPU.ActiveCfg = Release|Any CPU
		{B2D992E3-CF6D-4A6F-A7BA-4BBBF2E9B52D}.Release|Any CPU.Build.0 = Release|Any CPU
	EndGlobalSection
	GlobalSection(SolutionProperties) = preSolution
		HideSolutionNode = FALSE
	EndGlobalSection
	GlobalSection(ExtensibilityGlobals) = postSolution
		SolutionGuid = {021D5706-AE0D-44D5-937D-479E5AB1BA71}
	EndGlobalSection
EndGlobal
